
Microsoft Visual Studio Solution File, Format Version 12.00
# Visual Studio Version 17
VisualStudioVersion = 17.13.35919.96 d17.13
MinimumVisualStudioVersion = 10.0.40219.1
Project("{FAE04EC0-301F-11D3-BF4B-00C04F79EFBC}") = "Web.UI.WebForms", "Web.UI.WebForms.csproj", "{33F1D46D-E8D3-4BC9-AA76-052BD88F4DA9}"
EndProject
Global
	GlobalSection(SolutionConfigurationPlatforms) = preSolution
		Debug|Any CPU = Debug|Any CPU
		Release|Any CPU = Release|Any CPU
	EndGlobalSection
	GlobalSection(ProjectConfigurationPlatforms) = postSolution
		{33F1D46D-E8D3-4BC9-AA76-052BD88F4DA9}.Debug|Any CPU.ActiveCfg = Debug|Any CPU
		{33F1D46D-E8D3-4BC9-AA76-052BD88F4DA9}.Debug|Any CPU.Build.0 = Debug|Any CPU
		{33F1D46D-E8D3-4BC9-AA76-052BD88F4DA9}.Release|Any CPU.ActiveCfg = Release|Any CPU
		{33F1D46D-E8D3-4BC9-AA76-052BD88F4DA9}.Release|Any CPU.Build.0 = Release|Any CPU
	EndGlobalSection
	GlobalSection(SolutionProperties) = preSolution
		HideSolutionNode = FALSE
	EndGlobalSection
	GlobalSection(ExtensibilityGlobals) = postSolution
		SolutionGuid = {87C28623-B7A7-4A12-91B6-8E946CC1F9F7}
	EndGlobalSection
EndGlobal
